Microsoft Visual Studio Solution File, Format Version 12.00
# Visual Studio Version 17
VisualStudioVersion = 17.5.2.0
MinimumVisualStudioVersion = 10.0.40219.1
Project("{2150E333-8FDC-42A3-9474-1A3956D46DE8}") = "windows-client", "windows-client", "{54FB42CC-E8AA-4823-C0B7-1617DD959B8B}"
EndProject
Project("{FAE04EC0-301F-11D3-BF4B-00C04F79EFBC}") = "WgClient", "windows-client\WgClient.csproj", "{05B25012-1BB4-7DE9-924B-00923DB31092}"
EndProject
Global
	GlobalSection(SolutionConfigurationPlatforms) = preSolution
		Debug|Any CPU = Debug|Any CPU
		Release|Any CPU = Release|Any CPU
	EndGlobalSection
	GlobalSection(ProjectConfigurationPlatforms) = postSolution
		{05B25012-1BB4-7DE9-924B-00923DB31092}.Debug|Any CPU.ActiveCfg = Debug|Any CPU
		{05B25012-1BB4-7DE9-924B-00923DB31092}.Debug|Any CPU.Build.0 = Debug|Any CPU
		{05B25012-1BB4-7DE9-924B-00923DB31092}.Release|Any CPU.ActiveCfg = Release|Any CPU
		{05B25012-1BB4-7DE9-924B-00923DB31092}.Release|Any CPU.Build.0 = Release|Any CPU
	EndGlobalSection
	GlobalSection(SolutionProperties) = preSolution
		HideSolutionNode = FALSE
	EndGlobalSection
	GlobalSection(NestedProjects) = preSolution
		{05B25012-1BB4-7DE9-924B-00923DB31092} = {54FB42CC-E8AA-4823-C0B7-1617DD959B8B}
	EndGlobalSection
	GlobalSection(ExtensibilityGlobals) = postSolution
		SolutionGuid = {2F7ACAB0-EC31-4981-8FDC-92341555FF3D}
	EndGlobalSection
EndGlobal
